
Microsoft Visual Studio Solution File, Format Version 12.00
# Visual Studio 15
VisualStudioVersion = 15.0.28307.572
MinimumVisualStudioVersion = 10.0.40219.1
Project("{FAE04EC0-301F-11D3-BF4B-00C04F79EFBC}") = "ConsoleApp1", "ConsoleApp1\ConsoleApp1.csproj", "{87C0A860-21A4-4206-BC8A-0219D70E9AD9}"
EndProject
Project("{FAE04EC0-301F-11D3-BF4B-00C04F79EFBC}") = "ConsoleApp1Tests", "ConsoleApp1Tests\ConsoleApp1Tests.csproj", "{4FDFF4A7-F6A4-4E94-B564-855D2295B394}"
EndProject
Global
	GlobalSection(SolutionConfigurationPlatforms) = preSolution
		Debug|Any CPU = Debug|Any CPU
		Release|Any CPU = Release|Any CPU
	EndGlobalSection
	GlobalSection(ProjectConfigurationPlatforms) = postSolution
		{87C0A860-21A4-4206-BC8A-0219D70E9AD9}.Debug|Any CPU.ActiveCfg = Debug|Any CPU
		{87C0A860-21A4-4206-BC8A-0219D70E9AD9}.Debug|Any CPU.Build.0 = Debug|Any CPU
		{87C0A860-21A4-4206-BC8A-0219D70E9AD9}.Release|Any CPU.ActiveCfg = Release|Any CPU
		{87C0A860-21A4-4206-BC8A-0219D70E9AD9}.Release|Any CPU.Build.0 = Release|Any CPU
		{4FDFF4A7-F6A4-4E94-B564-855D2295B394}.Debug|Any CPU.ActiveCfg = Debug|Any CPU
		{4FDFF4A7-F6A4-4E94-B564-855D2295B394}.Debug|Any CPU.Build.0 = Debug|Any CPU
		{4FDFF4A7-F6A4-4E94-B564-855D2295B394}.Release|Any CPU.ActiveCfg = Release|Any CPU
		{4FDFF4A7-F6A4-4E94-B564-855D2295B394}.Release|Any CPU.Build.0 = Release|Any CPU
	EndGlobalSection
	GlobalSection(SolutionProperties) = preSolution
		HideSolutionNode = FALSE
	EndGlobalSection
	GlobalSection(ExtensibilityGlobals) = postSolution
		SolutionGuid = {A4E1E0F6-6D25-4709-ABEA-654DB778C99B}
	EndGlobalSection
EndGlobal
